
Microsoft Visual Studio Solution File, Format Version 12.00
# Visual Studio 15
VisualStudioVersion = 15.0.28307.1259
MinimumVisualStudioVersion = 10.0.40219.1
Project("{FAE04EC0-301F-11D3-BF4B-00C04F79EFBC}") = "DemoBooks", "DemoBooks\DemoBooks.csproj", "{ABFDA264-06BE-4073-B882-05879DCD2CE7}"
EndProject
Project("{FAE04EC0-301F-11D3-BF4B-00C04F79EFBC}") = "DemoBooks.Tests", "DemoBooks.Tests\DemoBooks.Tests.csproj", "{624EC459-ACAC-40CA-8CEF-AF6987ABBD4B}"
EndProject
Project("{FAE04EC0-301F-11D3-BF4B-00C04F79EFBC}") = "ServiceBook", "ServiceBook\ServiceBook.csproj", "{A450710B-C483-4886-AF6C-D887A68D3A6D}"
EndProject
Global
	GlobalSection(SolutionConfigurationPlatforms) = preSolution
		Debug|Any CPU = Debug|Any CPU
		Release|Any CPU = Release|Any CPU
	EndGlobalSection
	GlobalSection(ProjectConfigurationPlatforms) = postSolution
		{ABFDA264-06BE-4073-B882-05879DCD2CE7}.Debug|Any CPU.ActiveCfg = Debug|Any CPU
		{ABFDA264-06BE-4073-B882-05879DCD2CE7}.Debug|Any CPU.Build.0 = Debug|Any CPU
		{ABFDA264-06BE-4073-B882-05879DCD2CE7}.Release|Any CPU.ActiveCfg = Release|Any CPU
		{ABFDA264-06BE-4073-B882-05879DCD2CE7}.Release|Any CPU.Build.0 = Release|Any CPU
		{624EC459-ACAC-40CA-8CEF-AF6987ABBD4B}.Debug|Any CPU.ActiveCfg = Debug|Any CPU
		{624EC459-ACAC-40CA-8CEF-AF6987ABBD4B}.Debug|Any CPU.Build.0 = Debug|Any CPU
		{624EC459-ACAC-40CA-8CEF-AF6987ABBD4B}.Release|Any CPU.ActiveCfg = Release|Any CPU
		{624EC459-ACAC-40CA-8CEF-AF6987ABBD4B}.Release|Any CPU.Build.0 = Release|Any CPU
		{A450710B-C483-4886-AF6C-D887A68D3A6D}.Debug|Any CPU.ActiveCfg = Debug|Any CPU
		{A450710B-C483-4886-AF6C-D887A68D3A6D}.Debug|Any CPU.Build.0 = Debug|Any CPU
		{A450710B-C483-4886-AF6C-D887A68D3A6D}.Release|Any CPU.ActiveCfg = Release|Any CPU
		{A450710B-C483-4886-AF6C-D887A68D3A6D}.Release|Any CPU.Build.0 = Release|Any CPU
	EndGlobalSection
	GlobalSection(SolutionProperties) = preSolution
		HideSolutionNode = FALSE
	EndGlobalSection
	GlobalSection(ExtensibilityGlobals) = postSolution
		SolutionGuid = {6A2BDE2C-1C77-4C31-8102-B1238A2BDC96}
	EndGlobalSection
EndGlobal
